
Microsoft Visual Studio Solution File, Format Version 12.00
# Visual Studio Version 16
VisualStudioVersion = 16.0.29102.190
MinimumVisualStudioVersion = 10.0.40219.1
Project("{FAE04EC0-301F-11D3-BF4B-00C04F79EFBC}") = "Button", "Button\Button.csproj", "{A88D707E-2ECB-4C42-AA10-76F2EB0A1C1C}"
EndProject
Global
	GlobalSection(SolutionConfigurationPlatforms) = preSolution
		Debug|Any CPU = Debug|Any CPU
		Release|Any CPU = Release|Any CPU
	EndGlobalSection
	GlobalSection(ProjectConfigurationPlatforms) = postSolution
		{A88D707E-2ECB-4C42-AA10-76F2EB0A1C1C}.Debug|Any CPU.ActiveCfg = Debug|Any CPU
		{A88D707E-2ECB-4C42-AA10-76F2EB0A1C1C}.Debug|Any CPU.Build.0 = Debug|Any CPU
		{A88D707E-2ECB-4C42-AA10-76F2EB0A1C1C}.Release|Any CPU.ActiveCfg = Release|Any CPU
		{A88D707E-2ECB-4C42-AA10-76F2EB0A1C1C}.Release|Any CPU.Build.0 = Release|Any CPU
	EndGlobalSection
	GlobalSection(SolutionProperties) = preSolution
		HideSolutionNode = FALSE
	EndGlobalSection
	GlobalSection(ExtensibilityGlobals) = postSolution
		SolutionGuid = {F6AA2B75-E8DD-47D2-88CF-54488A74E33A}
	EndGlobalSection
EndGlobal
